# Generated by buf. DO NOT EDIT.
version: v2
deps:
  - name: buf.build/bufbuild/protovalidate
    commit: 511051f7f4374c3ca873b53ae68a9288
    digest: b5:a4a2d4d808a25984cced60769c822c5d496ef0b740f56ac0c9e6b97aaa25b86a9332a00ffd74e0cd202be29e91bd3edfb0bf2ba4dacfe48ff2d8217f9986e3c8
  - name: buf.build/sudo-random/protoc-gen-jev
    commit: 402c653dabb148bcb16944a7e29bedd5
    digest: b5:09e0fe8b8147c91910e940aabf6e2f88c5ef05fd5e54cec9d3b3b666b9e5fec22353fc47cb00eea2c47ea5542bba79161c999cca0f7d9eacfe5354ef1c94fb23
